{
  "requires": true,
  "lockfileVersion": 1,
  "dependencies": {
    "vue-cli-plugin-element": {
      "version": "1.0.0",
      "resolved": "http://registry.npm.taobao.org/vue-cli-plugin-element/download/vue-cli-plugin-element-1.0.0.tgz",
      "integrity": "sha1-LujP7LmkmqvcHUy1iTQRO93ztMA=",
      "dev": true
    }
  }
}
